
Microsoft Visual Studio Solution File, Format Version 12.00
# Visual Studio Version 17
VisualStudioVersion = 17.10.34928.147
MinimumVisualStudioVersion = 10.0.40219.1
Project("{888888A0-9F3D-457C-B088-3A5042F75D52}") = "421loop", "421loop.pyproj", "{5F2263B3-B6E4-4751-BC91-60CE60B0E7EA}"
EndProject
Global
	GlobalSection(SolutionConfigurationPlatforms) = preSolution
		Debug|Any CPU = Debug|Any CPU
		Release|Any CPU = Release|Any CPU
	EndGlobalSection
	GlobalSection(ProjectConfigurationPlatforms) = postSolution
		{5F2263B3-B6E4-4751-BC91-60CE60B0E7EA}.Debug|Any CPU.ActiveCfg = Debug|Any CPU
		{5F2263B3-B6E4-4751-BC91-60CE60B0E7EA}.Release|Any CPU.ActiveCfg = Release|Any CPU
	EndGlobalSection
	GlobalSection(SolutionProperties) = preSolution
		HideSolutionNode = FALSE
	EndGlobalSection
	GlobalSection(ExtensibilityGlobals) = postSolution
		SolutionGuid = {C735642F-0258-4F3D-900E-96D1B3E37074}
	EndGlobalSection
EndGlobal
